{
    "version": 3,
    "terraform_version": "0.9.4",
    "serial": 0,
    "lineage": "296f07bd-7fbe-433a-a6d2-36054f99e88f",
    "modules": [
        {
            "path": [
                "root"
            ],
            "outputs": {
                "dcos_master_instance_profile": {
                    "sensitive": false,
                    "type": "string",
                    "value": "dcos_master_instance_profile"
                }
            },
            "resources": {
                "aws_iam_instance_profile.master_instance_profile": {
                    "type": "aws_iam_instance_profile",
                    "depends_on": [
                        "aws_iam_role.master_iam_role"
                    ],
                    "primary": {
                        "id": "dcos_master_instance_profile",
                        "attributes": {
                            "arn": "arn:aws:iam::271116042479:instance-profile/dcos_master_instance_profile",
                            "id": "dcos_master_instance_profile",
                            "name": "dcos_master_instance_profile",
                            "path": "/",
                            "roles.#": "1",
                            "roles.2917807597": "dcos_master_iam_role",
                            "unique_id": "AIPAIRWCMPUROSTNX5YHM"
                        },
                        "meta": {},
                        "tainted": false
                    },
                    "deposed": [],
                    "provider": ""
                },
                "aws_iam_policy.master_iam_policy": {
                    "type": "aws_iam_policy",
                    "depends_on": [],
                    "primary": {
                        "id": "arn:aws:iam::271116042479:policy/dcos_master_iam_role_policy",
                        "attributes": {
                            "arn": "arn:aws:iam::271116042479:policy/dcos_master_iam_role_policy",
                            "id": "arn:aws:iam::271116042479:policy/dcos_master_iam_role_policy",
                            "name": "dcos_master_iam_role_policy",
                            "path": "/",
                            "policy": "{\n    \"Version\": \"2012-10-17\",\n    \"Statement\": [\n        {\n            \"Action\": [\n                \"s3:AbortMultipartUpload\",\n                \"s3:DeleteObject\",\n                \"s3:GetBucketAcl\",\n                \"s3:GetBucketPolicy\",\n                \"s3:GetObject\",\n                \"s3:GetObjectAcl\",\n                \"s3:ListBucket\",\n                \"s3:ListBucketMultipartUploads\",\n                \"s3:ListMultipartUploadParts\",\n                \"s3:PutObject\",\n                \"s3:PutObjectAcl\"\n            ],\n            \"Resource\": [\n                \"arn:aws:s3:::iaas-pilot-zk/*\",\n                \"arn:aws:s3:::iaas-pilot-zk/\"\n            ],\n            \"Effect\": \"Allow\"\n        },\n        {\n            \"Action\": [\n                \"cloudformation:*\"\n            ],\n            \"Resource\": [\n                \"arn:aws:cloudformation:us-east-1:271116042479:stack/master/e9089cf0-2b85-11e7-8311-500c286e44d1\",\n                \"arn:aws:cloudformation:us-east-1:271116042479:stack/master/e9089cf0-2b85-11e7-8311-500c286e44d1/*\"\n            ],\n            \"Effect\": \"Allow\"\n        },\n        {\n            \"Action\": [\n                \"ec2:DescribeKeyPairs\",\n                \"ec2:DescribeSubnets\",\n                \"autoscaling:DescribeLaunchConfigurations\",\n                \"autoscaling:UpdateAutoScalingGroup\",\n                \"autoscaling:DescribeAutoScalingGroups\",\n                \"autoscaling:DescribeScalingActivities\",\n                \"elasticloadbalancing:DescribeLoadBalancers\"\n            ],\n            \"Resource\": \"*\",\n            \"Effect\": \"Allow\"\n        }\n    ]\n}\n"
                        },
                        "meta": {},
                        "tainted": false
                    },
                    "deposed": [],
                    "provider": ""
                },
                "aws_iam_policy_attachment.master_policy": {
                    "type": "aws_iam_policy_attachment",
                    "depends_on": [
                        "aws_iam_policy.master_iam_policy",
                        "aws_iam_role.master_iam_role"
                    ],
                    "primary": {
                        "id": "dcos_master_policy_attachment",
                        "attributes": {
                            "groups.#": "0",
                            "id": "dcos_master_policy_attachment",
                            "name": "dcos_master_policy_attachment",
                            "policy_arn": "arn:aws:iam::271116042479:policy/dcos_master_iam_role_policy",
                            "roles.#": "1",
                            "roles.2917807597": "dcos_master_iam_role",
                            "users.#": "0"
                        },
                        "meta": {},
                        "tainted": false
                    },
                    "deposed": [],
                    "provider": ""
                },
                "aws_iam_role.master_iam_role": {
                    "type": "aws_iam_role",
                    "depends_on": [],
                    "primary": {
                        "id": "dcos_master_iam_role",
                        "attributes": {
                            "arn": "arn:aws:iam::271116042479:role/dcos_master_iam_role",
                            "assume_role_policy": "{\n  \"Version\": \"2012-10-17\",\n  \"Statement\": [\n    {\n      \"Effect\": \"Allow\",\n      \"Principal\": {\n        \"Service\": \"ec2.amazonaws.com\"\n      },\n      \"Action\": \"sts:AssumeRole\"\n    }\n  ]\n}\n",
                            "create_date": "2017-04-27T23:26:47Z",
                            "id": "dcos_master_iam_role",
                            "name": "dcos_master_iam_role",
                            "path": "/",
                            "unique_id": "AROAJIXJMBXJTVM5UJD3E"
                        },
                        "meta": {},
                        "tainted": false
                    },
                    "deposed": [],
                    "provider": ""
                }
            },
            "depends_on": []
        }
    ]
}
