{
    "version": 3,
    "terraform_version": "0.9.4",
    "serial": 1,
    "lineage": "1f0604b6-6739-4374-b150-eeaa5c0390c9",
    "modules": [
        {
            "path": [
                "root"
            ],
            "outputs": {},
            "resources": {},
            "depends_on": []
        },
        {
            "path": [
                "root",
                "bs_node"
            ],
            "outputs": {},
            "resources": {
                "aws_instance.instance": {
                    "type": "aws_instance",
                    "depends_on": [],
                    "primary": {
                        "id": "i-0e32369231dd5ef86",
                        "attributes": {
                            "ami": "ami-47096750",
                            "associate_public_ip_address": "false",
                            "availability_zone": "us-east-1d",
                            "disable_api_termination": "false",
                            "ebs_block_device.#": "3",
                            "ebs_block_device.2630216116.delete_on_termination": "true",
                            "ebs_block_device.2630216116.device_name": "/dev/sde",
                            "ebs_block_device.2630216116.encrypted": "false",
                            "ebs_block_device.2630216116.iops": "100",
                            "ebs_block_device.2630216116.snapshot_id": "",
                            "ebs_block_device.2630216116.volume_size": "20",
                            "ebs_block_device.2630216116.volume_type": "gp2",
                            "ebs_block_device.2659407853.delete_on_termination": "true",
                            "ebs_block_device.2659407853.device_name": "/dev/sdf",
                            "ebs_block_device.2659407853.encrypted": "false",
                            "ebs_block_device.2659407853.iops": "100",
                            "ebs_block_device.2659407853.snapshot_id": "",
                            "ebs_block_device.2659407853.volume_size": "20",
                            "ebs_block_device.2659407853.volume_type": "gp2",
                            "ebs_block_device.2671853018.delete_on_termination": "true",
                            "ebs_block_device.2671853018.device_name": "/dev/sdg",
                            "ebs_block_device.2671853018.encrypted": "false",
                            "ebs_block_device.2671853018.iops": "100",
                            "ebs_block_device.2671853018.snapshot_id": "",
                            "ebs_block_device.2671853018.volume_size": "20",
                            "ebs_block_device.2671853018.volume_type": "gp2",
                            "ebs_optimized": "false",
                            "ephemeral_block_device.#": "0",
                            "iam_instance_profile": "",
                            "id": "i-0e32369231dd5ef86",
                            "instance_state": "running",
                            "instance_type": "t2.medium",
                            "ipv6_address_count": "0",
                            "ipv6_addresses.#": "0",
                            "key_name": "RACONAWS",
                            "monitoring": "false",
                            "network_interface.#": "0",
                            "network_interface_id": "eni-5551e38d",
                            "primary_network_interface_id": "eni-5551e38d",
                            "private_dns": "ip-172-10-1-40.ec2.internal",
                            "private_ip": "172.10.1.40",
                            "public_dns": "",
                            "public_ip": "",
                            "root_block_device.#": "1",
                            "root_block_device.0.delete_on_termination": "true",
                            "root_block_device.0.iops": "100",
                            "root_block_device.0.volume_size": "8",
                            "root_block_device.0.volume_type": "gp2",
                            "security_groups.#": "0",
                            "source_dest_check": "true",
                            "subnet_id": "subnet-4e444015",
                            "tags.%": "1",
                            "tags.Name": "IaaS-Pilot-bootstrap",
                            "tenancy": "default",
                            "volume_tags.%": "0",
                            "vpc_security_group_ids.#": "1",
                            "vpc_security_group_ids.2703787807": "sg-678d9018"
                        },
                        "meta": {
                            "schema_version": "1"
                        },
                        "tainted": false
                    },
                    "deposed": [],
                    "provider": ""
                }
            },
            "depends_on": []
        },
        {
            "path": [
                "root",
                "s3_bucket"
            ],
            "outputs": {},
            "resources": {
                "aws_s3_bucket.bucket": {
                    "type": "aws_s3_bucket",
                    "depends_on": [],
                    "primary": {
                        "id": "iaas_pilot_bs",
                        "attributes": {
                            "acceleration_status": "",
                            "acl": "private",
                            "arn": "arn:aws:s3:::iaas_pilot_bs",
                            "bucket": "iaas_pilot_bs",
                            "bucket_domain_name": "iaas_pilot_bs.s3.amazonaws.com",
                            "force_destroy": "false",
                            "hosted_zone_id": "Z3AQBSTGFYJSTF",
                            "id": "iaas_pilot_bs",
                            "logging.#": "0",
                            "region": "us-east-1",
                            "request_payer": "BucketOwner",
                            "tags.%": "2",
                            "tags.Environment": "IaaS-Pilot",
                            "tags.Name": "dcos-bootstrap",
                            "versioning.#": "1",
                            "versioning.0.enabled": "false",
                            "versioning.0.mfa_delete": "false",
                            "website.#": "0"
                        },
                        "meta": {},
                        "tainted": false
                    },
                    "deposed": [],
                    "provider": ""
                },
                "aws_s3_bucket_policy.policy": {
                    "type": "aws_s3_bucket_policy",
                    "depends_on": [
                        "aws_s3_bucket.bucket"
                    ],
                    "primary": {
                        "id": "iaas_pilot_bs",
                        "attributes": {
                            "bucket": "iaas_pilot_bs",
                            "id": "iaas_pilot_bs",
                            "policy": "{\n   \"Version\": \"2012-10-17\",\n   \"Id\": \"Policy1415115909153\",\n   \"Statement\": [\n     {\n       \"Sid\": \"Access-to-specific-VPC-only\",\n       \"Action\": \"s3:*\",\n       \"Effect\": \"Deny\",\n       \"Resource\": [\"arn:aws:s3:::iaas_pilot_bs\",\n                    \"arn:aws:s3:::iaas_pilot_bs/*\"],\n       \"Condition\": {\n         \"StringNotEquals\": {\n           \"aws:sourceVpc\": \"vpc-a3123fc5\"\n         }\n       },\n       \"Principal\": \"*\"\n     }\n   ]\n}\n"
                        },
                        "meta": {},
                        "tainted": false
                    },
                    "deposed": [],
                    "provider": ""
                }
            },
            "depends_on": []
        },
        {
            "path": [
                "root",
                "sg_mgmt"
            ],
            "outputs": {
                "mgmt_security_group_id": {
                    "sensitive": false,
                    "type": "string",
                    "value": "sg-678d9018"
                }
            },
            "resources": {
                "aws_security_group.mgmt_security_group": {
                    "type": "aws_security_group",
                    "depends_on": [],
                    "primary": {
                        "id": "sg-678d9018",
                        "attributes": {
                            "description": "management access to vpc \u0026 mckinsey network",
                            "egress.#": "1",
                            "egress.482069346.cidr_blocks.#": "1",
                            "egress.482069346.cidr_blocks.0": "0.0.0.0/0",
                            "egress.482069346.from_port": "0",
                            "egress.482069346.ipv6_cidr_blocks.#": "0",
                            "egress.482069346.prefix_list_ids.#": "0",
                            "egress.482069346.protocol": "-1",
                            "egress.482069346.security_groups.#": "0",
                            "egress.482069346.self": "false",
                            "egress.482069346.to_port": "0",
                            "id": "sg-678d9018",
                            "ingress.#": "5",
                            "ingress.2541437006.cidr_blocks.#": "1",
                            "ingress.2541437006.cidr_blocks.0": "0.0.0.0/0",
                            "ingress.2541437006.from_port": "22",
                            "ingress.2541437006.ipv6_cidr_blocks.#": "0",
                            "ingress.2541437006.protocol": "tcp",
                            "ingress.2541437006.security_groups.#": "0",
                            "ingress.2541437006.self": "false",
                            "ingress.2541437006.to_port": "22",
                            "ingress.298964221.cidr_blocks.#": "1",
                            "ingress.298964221.cidr_blocks.0": "10.220.16.0/22",
                            "ingress.298964221.from_port": "80",
                            "ingress.298964221.ipv6_cidr_blocks.#": "0",
                            "ingress.298964221.protocol": "tcp",
                            "ingress.298964221.security_groups.#": "0",
                            "ingress.298964221.self": "false",
                            "ingress.298964221.to_port": "80",
                            "ingress.3493634455.cidr_blocks.#": "1",
                            "ingress.3493634455.cidr_blocks.0": "10.220.16.0/22",
                            "ingress.3493634455.from_port": "22",
                            "ingress.3493634455.ipv6_cidr_blocks.#": "0",
                            "ingress.3493634455.protocol": "tcp",
                            "ingress.3493634455.security_groups.#": "0",
                            "ingress.3493634455.self": "false",
                            "ingress.3493634455.to_port": "22",
                            "ingress.749877382.cidr_blocks.#": "1",
                            "ingress.749877382.cidr_blocks.0": "10.220.16.0/22",
                            "ingress.749877382.from_port": "443",
                            "ingress.749877382.ipv6_cidr_blocks.#": "0",
                            "ingress.749877382.protocol": "tcp",
                            "ingress.749877382.security_groups.#": "0",
                            "ingress.749877382.self": "false",
                            "ingress.749877382.to_port": "443",
                            "ingress.753360330.cidr_blocks.#": "0",
                            "ingress.753360330.from_port": "0",
                            "ingress.753360330.ipv6_cidr_blocks.#": "0",
                            "ingress.753360330.protocol": "-1",
                            "ingress.753360330.security_groups.#": "0",
                            "ingress.753360330.self": "true",
                            "ingress.753360330.to_port": "0",
                            "name": "IaaS-Pilot-mgmt-access",
                            "owner_id": "271116042479",
                            "tags.%": "0",
                            "vpc_id": "vpc-a3123fc5"
                        },
                        "meta": {},
                        "tainted": false
                    },
                    "deposed": [],
                    "provider": ""
                }
            },
            "depends_on": []
        }
    ]
}
