{
    "version": 3,
    "terraform_version": "0.9.4",
    "serial": 18,
    "lineage": "7f886585-ce8b-4bc4-a3ed-a52bb5552340",
    "modules": [
        {
            "path": [
                "root"
            ],
            "outputs": {},
            "resources": {},
            "depends_on": []
        },
        {
            "path": [
                "root",
                "autoscaling_groups"
            ],
            "outputs": {},
            "resources": {
                "aws_autoscaling_group.master_asg": {
                    "type": "aws_autoscaling_group",
                    "depends_on": [],
                    "primary": {
                        "id": "dcos-master-autoscaling-group",
                        "attributes": {
                            "arn": "arn:aws:autoscaling:us-east-1:271116042479:autoScalingGroup:3afe8349-acad-4e41-ab59-efd25d50f54c:autoScalingGroupName/dcos-master-autoscaling-group",
                            "availability_zones.#": "2",
                            "availability_zones.2762590996": "us-east-1d",
                            "availability_zones.986537655": "us-east-1c",
                            "default_cooldown": "300",
                            "desired_capacity": "3",
                            "force_delete": "true",
                            "health_check_grace_period": "300",
                            "health_check_type": "EC2",
                            "id": "dcos-master-autoscaling-group",
                            "launch_configuration": "terraform-00271492ccf5701acb26951f93",
                            "load_balancers.#": "1",
                            "load_balancers.4109934047": "dcos",
                            "max_size": "3",
                            "metrics_granularity": "1Minute",
                            "min_size": "3",
                            "name": "dcos-master-autoscaling-group",
                            "placement_group": "",
                            "protect_from_scale_in": "false",
                            "suspended_processes.#": "0",
                            "tag.#": "1",
                            "tag.2413847691.key": "Name",
                            "tag.2413847691.propagate_at_launch": "true",
                            "tag.2413847691.value": "IaaS-Pilot-master",
                            "target_group_arns.#": "0",
                            "termination_policies.#": "0",
                            "vpc_zone_identifier.#": "2",
                            "vpc_zone_identifier.1050080952": "subnet-87fb20cf",
                            "vpc_zone_identifier.3450624668": "subnet-fdb552a7",
                            "wait_for_capacity_timeout": "10m",
                            "wait_for_elb_capacity": "0"
                        },
                        "meta": {},
                        "tainted": false
                    },
                    "deposed": [],
                    "provider": ""
                }
            },
            "depends_on": []
        },
        {
            "path": [
                "root",
                "ec2_profile"
            ],
            "outputs": {
                "dcos_master_instance_profile": {
                    "sensitive": false,
                    "type": "string",
                    "value": "dcos_master_instance_profile"
                }
            },
            "resources": {
                "aws_iam_instance_profile.master_instance_profile": {
                    "type": "aws_iam_instance_profile",
                    "depends_on": [
                        "aws_iam_role.master_iam_role"
                    ],
                    "primary": {
                        "id": "dcos_master_instance_profile",
                        "attributes": {
                            "arn": "arn:aws:iam::271116042479:instance-profile/dcos_master_instance_profile",
                            "id": "dcos_master_instance_profile",
                            "name": "dcos_master_instance_profile",
                            "path": "/",
                            "role": "dcos_master_iam_role",
                            "roles.#": "1",
                            "roles.2917807597": "dcos_master_iam_role",
                            "unique_id": "AIPAIM65URUXS65AUEU2A"
                        },
                        "meta": {},
                        "tainted": false
                    },
                    "deposed": [],
                    "provider": ""
                },
                "aws_iam_policy.master_iam_policy": {
                    "type": "aws_iam_policy",
                    "depends_on": [],
                    "primary": {
                        "id": "arn:aws:iam::271116042479:policy/dcos_master_iam_role_policy",
                        "attributes": {
                            "arn": "arn:aws:iam::271116042479:policy/dcos_master_iam_role_policy",
                            "id": "arn:aws:iam::271116042479:policy/dcos_master_iam_role_policy",
                            "name": "dcos_master_iam_role_policy",
                            "path": "/",
                            "policy": "{\n    \"Version\": \"2012-10-17\",\n    \"Statement\": [\n        {\n            \"Action\": [\n                \"s3:AbortMultipartUpload\",\n                \"s3:DeleteObject\",\n                \"s3:GetBucketAcl\",\n                \"s3:GetBucketPolicy\",\n                \"s3:GetObject\",\n                \"s3:GetObjectAcl\",\n                \"s3:ListBucket\",\n                \"s3:ListBucketMultipartUploads\",\n                \"s3:ListMultipartUploadParts\",\n                \"s3:PutObject\",\n                \"s3:PutObjectAcl\"\n            ],\n            \"Resource\": [\n                \"arn:aws:s3:::iaas-pilot-zk/*\",\n                \"arn:aws:s3:::iaas-pilot-zk/\"\n            ],\n            \"Effect\": \"Allow\"\n        },\n        {\n            \"Action\": [\n                \"cloudformation:*\"\n            ],\n            \"Resource\": [\n                \"arn:aws:cloudformation:us-east-1:271116042479:stack/master/e9089cf0-2b85-11e7-8311-500c286e44d1\",\n                \"arn:aws:cloudformation:us-east-1:271116042479:stack/master/e9089cf0-2b85-11e7-8311-500c286e44d1/*\"\n            ],\n            \"Effect\": \"Allow\"\n        },\n        {\n            \"Action\": [\n                \"ec2:DescribeKeyPairs\",\n                \"ec2:DescribeSubnets\",\n                \"autoscaling:DescribeLaunchConfigurations\",\n                \"autoscaling:UpdateAutoScalingGroup\",\n                \"autoscaling:DescribeAutoScalingGroups\",\n                \"autoscaling:DescribeScalingActivities\",\n                \"elasticloadbalancing:DescribeLoadBalancers\"\n            ],\n            \"Resource\": \"*\",\n            \"Effect\": \"Allow\"\n        }\n    ]\n}\n"
                        },
                        "meta": {},
                        "tainted": false
                    },
                    "deposed": [],
                    "provider": ""
                },
                "aws_iam_policy_attachment.master_policy": {
                    "type": "aws_iam_policy_attachment",
                    "depends_on": [
                        "aws_iam_policy.master_iam_policy",
                        "aws_iam_role.master_iam_role"
                    ],
                    "primary": {
                        "id": "dcos_master_policy_attachment",
                        "attributes": {
                            "groups.#": "0",
                            "id": "dcos_master_policy_attachment",
                            "name": "dcos_master_policy_attachment",
                            "policy_arn": "arn:aws:iam::271116042479:policy/dcos_master_iam_role_policy",
                            "roles.#": "1",
                            "roles.2917807597": "dcos_master_iam_role",
                            "users.#": "0"
                        },
                        "meta": {},
                        "tainted": false
                    },
                    "deposed": [],
                    "provider": ""
                },
                "aws_iam_role.master_iam_role": {
                    "type": "aws_iam_role",
                    "depends_on": [],
                    "primary": {
                        "id": "dcos_master_iam_role",
                        "attributes": {
                            "arn": "arn:aws:iam::271116042479:role/dcos_master_iam_role",
                            "assume_role_policy": "{\"Version\":\"2012-10-17\",\"Statement\":[{\"Effect\":\"Allow\",\"Principal\":{\"Service\":\"ec2.amazonaws.com\"},\"Action\":\"sts:AssumeRole\"}]}",
                            "create_date": "2017-04-27T23:35:02Z",
                            "id": "dcos_master_iam_role",
                            "name": "dcos_master_iam_role",
                            "path": "/",
                            "unique_id": "AROAJNFJ2ZD4M7A4KBENK"
                        },
                        "meta": {},
                        "tainted": false
                    },
                    "deposed": [],
                    "provider": ""
                }
            },
            "depends_on": []
        },
        {
            "path": [
                "root",
                "launch_configurations"
            ],
            "outputs": {
                "master_lc_id": {
                    "sensitive": false,
                    "type": "string",
                    "value": "terraform-00271492ccf5701acb26951f93"
                },
                "master_lc_name": {
                    "sensitive": false,
                    "type": "string",
                    "value": "terraform-00271492ccf5701acb26951f93"
                }
            },
            "resources": {
                "aws_launch_configuration.master_lc": {
                    "type": "aws_launch_configuration",
                    "depends_on": [],
                    "primary": {
                        "id": "terraform-00271492ccf5701acb26951f93",
                        "attributes": {
                            "associate_public_ip_address": "false",
                            "ebs_block_device.#": "0",
                            "ebs_optimized": "false",
                            "enable_monitoring": "true",
                            "ephemeral_block_device.#": "0",
                            "iam_instance_profile": "",
                            "id": "terraform-00271492ccf5701acb26951f93",
                            "image_id": "ami-47096750",
                            "instance_type": "t2.micro",
                            "key_name": "RACONAWS",
                            "name": "terraform-00271492ccf5701acb26951f93",
                            "root_block_device.#": "0",
                            "security_groups.#": "0",
                            "spot_price": "",
                            "vpc_classic_link_id": "",
                            "vpc_classic_link_security_groups.#": "0"
                        },
                        "meta": {},
                        "tainted": false
                    },
                    "deposed": [],
                    "provider": ""
                }
            },
            "depends_on": []
        },
        {
            "path": [
                "root",
                "load_balancers"
            ],
            "outputs": {
                "master_elb_name": {
                    "sensitive": false,
                    "type": "string",
                    "value": "dcos"
                }
            },
            "resources": {
                "aws_elb.master_elb": {
                    "type": "aws_elb",
                    "depends_on": [],
                    "primary": {
                        "id": "dcos",
                        "attributes": {
                            "access_logs.#": "0",
                            "availability_zones.#": "2",
                            "availability_zones.2762590996": "us-east-1d",
                            "availability_zones.986537655": "us-east-1c",
                            "connection_draining": "false",
                            "connection_draining_timeout": "300",
                            "cross_zone_load_balancing": "true",
                            "dns_name": "internal-dcos-550380156.us-east-1.elb.amazonaws.com",
                            "health_check.#": "1",
                            "health_check.0.healthy_threshold": "2",
                            "health_check.0.interval": "30",
                            "health_check.0.target": "TCP:5050",
                            "health_check.0.timeout": "5",
                            "health_check.0.unhealthy_threshold": "2",
                            "id": "dcos",
                            "idle_timeout": "60",
                            "instances.#": "3",
                            "instances.1641835666": "i-0ad510f79730e3702",
                            "instances.4275801771": "i-048d16cc04d286806",
                            "instances.53273149": "i-0ada3aad6d7ec26ba",
                            "internal": "true",
                            "listener.#": "6",
                            "listener.1092403652.instance_port": "8080",
                            "listener.1092403652.instance_protocol": "http",
                            "listener.1092403652.lb_port": "8080",
                            "listener.1092403652.lb_protocol": "http",
                            "listener.1092403652.ssl_certificate_id": "",
                            "listener.2024497952.instance_port": "2181",
                            "listener.2024497952.instance_protocol": "tcp",
                            "listener.2024497952.lb_port": "2181",
                            "listener.2024497952.lb_protocol": "tcp",
                            "listener.2024497952.ssl_certificate_id": "",
                            "listener.2974294026.instance_port": "80",
                            "listener.2974294026.instance_protocol": "tcp",
                            "listener.2974294026.lb_port": "80",
                            "listener.2974294026.lb_protocol": "tcp",
                            "listener.2974294026.ssl_certificate_id": "",
                            "listener.3829233144.instance_port": "5050",
                            "listener.3829233144.instance_protocol": "http",
                            "listener.3829233144.lb_port": "5050",
                            "listener.3829233144.lb_protocol": "http",
                            "listener.3829233144.ssl_certificate_id": "",
                            "listener.3896584131.instance_port": "8181",
                            "listener.3896584131.instance_protocol": "http",
                            "listener.3896584131.lb_port": "8181",
                            "listener.3896584131.lb_protocol": "http",
                            "listener.3896584131.ssl_certificate_id": "",
                            "listener.610193557.instance_port": "443",
                            "listener.610193557.instance_protocol": "tcp",
                            "listener.610193557.lb_port": "443",
                            "listener.610193557.lb_protocol": "tcp",
                            "listener.610193557.ssl_certificate_id": "",
                            "name": "dcos",
                            "security_groups.#": "1",
                            "security_groups.2503676440": "sg-4e08ec30",
                            "source_security_group": "271116042479/IaaS-Pilot-master-elb-sg",
                            "source_security_group_id": "sg-4e08ec30",
                            "subnets.#": "2",
                            "subnets.1050080952": "subnet-87fb20cf",
                            "subnets.3450624668": "subnet-fdb552a7",
                            "tags.%": "1",
                            "tags.Name": "dcos_master_elb",
                            "zone_id": "Z35SXDOTRQ7X7K"
                        },
                        "meta": {},
                        "tainted": false
                    },
                    "deposed": [],
                    "provider": ""
                }
            },
            "depends_on": []
        },
        {
            "path": [
                "root",
                "security_groups"
            ],
            "outputs": {
                "dcos_master_security_group_id": {
                    "sensitive": false,
                    "type": "string",
                    "value": "sg-f108ec8f"
                },
                "dcos_priv_security_group_id": {
                    "sensitive": false,
                    "type": "string",
                    "value": "sg-9416f2ea"
                },
                "elb_security_group_id": {
                    "sensitive": false,
                    "type": "string",
                    "value": "sg-4e08ec30"
                },
                "pub_agent_security_group_id": {
                    "sensitive": false,
                    "type": "string",
                    "value": "sg-8409edfa"
                }
            },
            "resources": {
                "aws_security_group.elb_security_group": {
                    "type": "aws_security_group",
                    "depends_on": [],
                    "primary": {
                        "id": "sg-4e08ec30",
                        "attributes": {
                            "description": "dcos master access",
                            "egress.#": "1",
                            "egress.482069346.cidr_blocks.#": "1",
                            "egress.482069346.cidr_blocks.0": "0.0.0.0/0",
                            "egress.482069346.from_port": "0",
                            "egress.482069346.ipv6_cidr_blocks.#": "0",
                            "egress.482069346.prefix_list_ids.#": "0",
                            "egress.482069346.protocol": "-1",
                            "egress.482069346.security_groups.#": "0",
                            "egress.482069346.self": "false",
                            "egress.482069346.to_port": "0",
                            "id": "sg-4e08ec30",
                            "ingress.#": "1",
                            "ingress.2617001939.cidr_blocks.#": "1",
                            "ingress.2617001939.cidr_blocks.0": "0.0.0.0/0",
                            "ingress.2617001939.from_port": "443",
                            "ingress.2617001939.ipv6_cidr_blocks.#": "0",
                            "ingress.2617001939.protocol": "tcp",
                            "ingress.2617001939.security_groups.#": "0",
                            "ingress.2617001939.self": "false",
                            "ingress.2617001939.to_port": "443",
                            "name": "IaaS-Pilot-master-elb-sg",
                            "owner_id": "271116042479",
                            "tags.%": "0",
                            "vpc_id": "vpc-c8a4b3ae"
                        },
                        "meta": {},
                        "tainted": false
                    },
                    "deposed": [],
                    "provider": ""
                },
                "aws_security_group.master_security_group": {
                    "type": "aws_security_group",
                    "depends_on": [],
                    "primary": {
                        "id": "sg-f108ec8f",
                        "attributes": {
                            "description": "dcos master access",
                            "egress.#": "1",
                            "egress.482069346.cidr_blocks.#": "1",
                            "egress.482069346.cidr_blocks.0": "0.0.0.0/0",
                            "egress.482069346.from_port": "0",
                            "egress.482069346.ipv6_cidr_blocks.#": "0",
                            "egress.482069346.prefix_list_ids.#": "0",
                            "egress.482069346.protocol": "-1",
                            "egress.482069346.security_groups.#": "0",
                            "egress.482069346.self": "false",
                            "egress.482069346.to_port": "0",
                            "id": "sg-f108ec8f",
                            "ingress.#": "1",
                            "ingress.753360330.cidr_blocks.#": "0",
                            "ingress.753360330.from_port": "0",
                            "ingress.753360330.ipv6_cidr_blocks.#": "0",
                            "ingress.753360330.protocol": "-1",
                            "ingress.753360330.security_groups.#": "0",
                            "ingress.753360330.self": "true",
                            "ingress.753360330.to_port": "0",
                            "name": "IaaS-Pilot-master-sg",
                            "owner_id": "271116042479",
                            "tags.%": "0",
                            "vpc_id": "vpc-c8a4b3ae"
                        },
                        "meta": {},
                        "tainted": false
                    },
                    "deposed": [],
                    "provider": ""
                },
                "aws_security_group.priv_security_group": {
                    "type": "aws_security_group",
                    "depends_on": [],
                    "primary": {
                        "id": "sg-9416f2ea",
                        "attributes": {
                            "description": "dcos private agent access",
                            "egress.#": "1",
                            "egress.482069346.cidr_blocks.#": "1",
                            "egress.482069346.cidr_blocks.0": "0.0.0.0/0",
                            "egress.482069346.from_port": "0",
                            "egress.482069346.ipv6_cidr_blocks.#": "0",
                            "egress.482069346.prefix_list_ids.#": "0",
                            "egress.482069346.protocol": "-1",
                            "egress.482069346.security_groups.#": "0",
                            "egress.482069346.self": "false",
                            "egress.482069346.to_port": "0",
                            "id": "sg-9416f2ea",
                            "ingress.#": "1",
                            "ingress.753360330.cidr_blocks.#": "0",
                            "ingress.753360330.from_port": "0",
                            "ingress.753360330.ipv6_cidr_blocks.#": "0",
                            "ingress.753360330.protocol": "-1",
                            "ingress.753360330.security_groups.#": "0",
                            "ingress.753360330.self": "true",
                            "ingress.753360330.to_port": "0",
                            "name": "IaaS-Pilot-priv-agent-sg",
                            "owner_id": "271116042479",
                            "tags.%": "0",
                            "vpc_id": "vpc-c8a4b3ae"
                        },
                        "meta": {},
                        "tainted": false
                    },
                    "deposed": [],
                    "provider": ""
                },
                "aws_security_group.pub_security_group": {
                    "type": "aws_security_group",
                    "depends_on": [],
                    "primary": {
                        "id": "sg-8409edfa",
                        "attributes": {
                            "description": "dcos public agent access",
                            "egress.#": "1",
                            "egress.482069346.cidr_blocks.#": "1",
                            "egress.482069346.cidr_blocks.0": "0.0.0.0/0",
                            "egress.482069346.from_port": "0",
                            "egress.482069346.ipv6_cidr_blocks.#": "0",
                            "egress.482069346.prefix_list_ids.#": "0",
                            "egress.482069346.protocol": "-1",
                            "egress.482069346.security_groups.#": "0",
                            "egress.482069346.self": "false",
                            "egress.482069346.to_port": "0",
                            "id": "sg-8409edfa",
                            "ingress.#": "1",
                            "ingress.753360330.cidr_blocks.#": "0",
                            "ingress.753360330.from_port": "0",
                            "ingress.753360330.ipv6_cidr_blocks.#": "0",
                            "ingress.753360330.protocol": "-1",
                            "ingress.753360330.security_groups.#": "0",
                            "ingress.753360330.self": "true",
                            "ingress.753360330.to_port": "0",
                            "name": "IaaS-Pilot-dcos-pub-agent-sg",
                            "owner_id": "271116042479",
                            "tags.%": "0",
                            "vpc_id": "vpc-c8a4b3ae"
                        },
                        "meta": {},
                        "tainted": false
                    },
                    "deposed": [],
                    "provider": ""
                },
                "aws_security_group_rule.master_priv_access": {
                    "type": "aws_security_group_rule",
                    "depends_on": [
                        "aws_security_group.master_security_group",
                        "aws_security_group.priv_security_group",
                        "aws_security_group.pub_security_group"
                    ],
                    "primary": {
                        "id": "sgrule-326718849",
                        "attributes": {
                            "cidr_blocks.#": "0",
                            "from_port": "0",
                            "id": "sgrule-326718849",
                            "ipv6_cidr_blocks.#": "0",
                            "prefix_list_ids.#": "0",
                            "protocol": "-1",
                            "security_group_id": "sg-f108ec8f",
                            "self": "false",
                            "source_security_group_id": "sg-9416f2ea",
                            "to_port": "0",
                            "type": "ingress"
                        },
                        "meta": {
                            "schema_version": "2"
                        },
                        "tainted": false
                    },
                    "deposed": [],
                    "provider": ""
                },
                "aws_security_group_rule.master_pub_access": {
                    "type": "aws_security_group_rule",
                    "depends_on": [
                        "aws_security_group.master_security_group",
                        "aws_security_group.priv_security_group",
                        "aws_security_group.pub_security_group"
                    ],
                    "primary": {
                        "id": "sgrule-3844844003",
                        "attributes": {
                            "cidr_blocks.#": "0",
                            "from_port": "0",
                            "id": "sgrule-3844844003",
                            "ipv6_cidr_blocks.#": "0",
                            "prefix_list_ids.#": "0",
                            "protocol": "-1",
                            "security_group_id": "sg-f108ec8f",
                            "self": "false",
                            "source_security_group_id": "sg-8409edfa",
                            "to_port": "0",
                            "type": "ingress"
                        },
                        "meta": {
                            "schema_version": "2"
                        },
                        "tainted": false
                    },
                    "deposed": [],
                    "provider": ""
                },
                "aws_security_group_rule.priv_master_access": {
                    "type": "aws_security_group_rule",
                    "depends_on": [
                        "aws_security_group.master_security_group",
                        "aws_security_group.priv_security_group",
                        "aws_security_group.pub_security_group"
                    ],
                    "primary": {
                        "id": "sgrule-3537104758",
                        "attributes": {
                            "cidr_blocks.#": "0",
                            "from_port": "0",
                            "id": "sgrule-3537104758",
                            "ipv6_cidr_blocks.#": "0",
                            "prefix_list_ids.#": "0",
                            "protocol": "-1",
                            "security_group_id": "sg-9416f2ea",
                            "self": "false",
                            "source_security_group_id": "sg-f108ec8f",
                            "to_port": "0",
                            "type": "ingress"
                        },
                        "meta": {
                            "schema_version": "2"
                        },
                        "tainted": false
                    },
                    "deposed": [],
                    "provider": ""
                },
                "aws_security_group_rule.priv_pub_access": {
                    "type": "aws_security_group_rule",
                    "depends_on": [
                        "aws_security_group.master_security_group",
                        "aws_security_group.priv_security_group",
                        "aws_security_group.pub_security_group"
                    ],
                    "primary": {
                        "id": "sgrule-89367922",
                        "attributes": {
                            "cidr_blocks.#": "0",
                            "from_port": "0",
                            "id": "sgrule-89367922",
                            "ipv6_cidr_blocks.#": "0",
                            "prefix_list_ids.#": "0",
                            "protocol": "-1",
                            "security_group_id": "sg-9416f2ea",
                            "self": "false",
                            "source_security_group_id": "sg-8409edfa",
                            "to_port": "0",
                            "type": "ingress"
                        },
                        "meta": {
                            "schema_version": "2"
                        },
                        "tainted": false
                    },
                    "deposed": [],
                    "provider": ""
                },
                "aws_security_group_rule.pub_master_access": {
                    "type": "aws_security_group_rule",
                    "depends_on": [
                        "aws_security_group.master_security_group",
                        "aws_security_group.priv_security_group",
                        "aws_security_group.pub_security_group"
                    ],
                    "primary": {
                        "id": "sgrule-43187740",
                        "attributes": {
                            "cidr_blocks.#": "0",
                            "from_port": "0",
                            "id": "sgrule-43187740",
                            "ipv6_cidr_blocks.#": "0",
                            "prefix_list_ids.#": "0",
                            "protocol": "-1",
                            "security_group_id": "sg-8409edfa",
                            "self": "false",
                            "source_security_group_id": "sg-f108ec8f",
                            "to_port": "0",
                            "type": "ingress"
                        },
                        "meta": {
                            "schema_version": "2"
                        },
                        "tainted": false
                    },
                    "deposed": [],
                    "provider": ""
                },
                "aws_security_group_rule.pub_pri_access": {
                    "type": "aws_security_group_rule",
                    "depends_on": [
                        "aws_security_group.master_security_group",
                        "aws_security_group.priv_security_group",
                        "aws_security_group.pub_security_group"
                    ],
                    "primary": {
                        "id": "sgrule-591415418",
                        "attributes": {
                            "cidr_blocks.#": "0",
                            "from_port": "0",
                            "id": "sgrule-591415418",
                            "ipv6_cidr_blocks.#": "0",
                            "prefix_list_ids.#": "0",
                            "protocol": "-1",
                            "security_group_id": "sg-8409edfa",
                            "self": "false",
                            "source_security_group_id": "sg-9416f2ea",
                            "to_port": "0",
                            "type": "ingress"
                        },
                        "meta": {
                            "schema_version": "2"
                        },
                        "tainted": false
                    },
                    "deposed": [],
                    "provider": ""
                }
            },
            "depends_on": []
        }
    ]
}
